
Microsoft Visual Studio Solution File, Format Version 12.00
# Visual Studio Version 16
VisualStudioVersion = 16.0.30503.244
MinimumVisualStudioVersion = 15.0.26124.0
Project("{2150E333-8FDC-42A3-9474-1A3956D46DE8}") = "src", "src", "{A81A258C-BE4C-4996-8BDE-5296883BF005}"
EndProject
Project("{2150E333-8FDC-42A3-9474-1A3956D46DE8}") = "tests", "tests", "{843B1043-9A90-4354-89DE-B1BA86935E0E}"
EndProject
Project("{FAE04EC0-301F-11D3-BF4B-00C04F79EFBC}") = "TaxaJuros.Core", "TaxaJuros.Core\TaxaJuros.Core.csproj", "{783F8811-0C29-42D1-BBBE-67B054D1B4BA}"
EndProject
Project("{FAE04EC0-301F-11D3-BF4B-00C04F79EFBC}") = "TaxaJuros.API", "TaxaJuros.API\TaxaJuros.API.csproj", "{C56CCF37-E5C5-4627-8ADB-11C49967B6D6}"
EndProject
Project("{FAE04EC0-301F-11D3-BF4B-00C04F79EFBC}") = "TaxaJuros.API.UnitTests", "TaxaJuros.API.UnitTests\TaxaJuros.API.UnitTests.csproj", "{81CD80D6-1467-4800-B111-57A3D69E05C4}"
EndProject
Global
	GlobalSection(SolutionConfigurationPlatforms) = preSolution
		Debug|Any CPU = Debug|Any CPU
		Debug|x64 = Debug|x64
		Debug|x86 = Debug|x86
		Release|Any CPU = Release|Any CPU
		Release|x64 = Release|x64
		Release|x86 = Release|x86
	EndGlobalSection
	GlobalSection(ProjectConfigurationPlatforms) = postSolution
		{783F8811-0C29-42D1-BBBE-67B054D1B4BA}.Debug|Any CPU.ActiveCfg = Debug|Any CPU
		{783F8811-0C29-42D1-BBBE-67B054D1B4BA}.Debug|Any CPU.Build.0 = Debug|Any CPU
		{783F8811-0C29-42D1-BBBE-67B054D1B4BA}.Debug|x64.ActiveCfg = Debug|Any CPU
		{783F8811-0C29-42D1-BBBE-67B054D1B4BA}.Debug|x64.Build.0 = Debug|Any CPU
		{783F8811-0C29-42D1-BBBE-67B054D1B4BA}.Debug|x86.ActiveCfg = Debug|Any CPU
		{783F8811-0C29-42D1-BBBE-67B054D1B4BA}.Debug|x86.Build.0 = Debug|Any CPU
		{783F8811-0C29-42D1-BBBE-67B054D1B4BA}.Release|Any CPU.ActiveCfg = Release|Any CPU
		{783F8811-0C29-42D1-BBBE-67B054D1B4BA}.Release|Any CPU.Build.0 = Release|Any CPU
		{783F8811-0C29-42D1-BBBE-67B054D1B4BA}.Release|x64.ActiveCfg = Release|Any CPU
		{783F8811-0C29-42D1-BBBE-67B054D1B4BA}.Release|x64.Build.0 = Release|Any CPU
		{783F8811-0C29-42D1-BBBE-67B054D1B4BA}.Release|x86.ActiveCfg = Release|Any CPU
		{783F8811-0C29-42D1-BBBE-67B054D1B4BA}.Release|x86.Build.0 = Release|Any CPU
		{C56CCF37-E5C5-4627-8ADB-11C49967B6D6}.Debug|Any CPU.ActiveCfg = Debug|Any CPU
		{C56CCF37-E5C5-4627-8ADB-11C49967B6D6}.Debug|Any CPU.Build.0 = Debug|Any CPU
		{C56CCF37-E5C5-4627-8ADB-11C49967B6D6}.Debug|x64.ActiveCfg = Debug|Any CPU
		{C56CCF37-E5C5-4627-8ADB-11C49967B6D6}.Debug|x64.Build.0 = Debug|Any CPU
		{C56CCF37-E5C5-4627-8ADB-11C49967B6D6}.Debug|x86.ActiveCfg = Debug|Any CPU
		{C56CCF37-E5C5-4627-8ADB-11C49967B6D6}.Debug|x86.Build.0 = Debug|Any CPU
		{C56CCF37-E5C5-4627-8ADB-11C49967B6D6}.Release|Any CPU.ActiveCfg = Release|Any CPU
		{C56CCF37-E5C5-4627-8ADB-11C49967B6D6}.Release|Any CPU.Build.0 = Release|Any CPU
		{C56CCF37-E5C5-4627-8ADB-11C49967B6D6}.Release|x64.ActiveCfg = Release|Any CPU
		{C56CCF37-E5C5-4627-8ADB-11C49967B6D6}.Release|x64.Build.0 = Release|Any CPU
		{C56CCF37-E5C5-4627-8ADB-11C49967B6D6}.Release|x86.ActiveCfg = Release|Any CPU
		{C56CCF37-E5C5-4627-8ADB-11C49967B6D6}.Release|x86.Build.0 = Release|Any CPU
		{81CD80D6-1467-4800-B111-57A3D69E05C4}.Debug|Any CPU.ActiveCfg = Debug|Any CPU
		{81CD80D6-1467-4800-B111-57A3D69E05C4}.Debug|Any CPU.Build.0 = Debug|Any CPU
		{81CD80D6-1467-4800-B111-57A3D69E05C4}.Debug|x64.ActiveCfg = Debug|Any CPU
		{81CD80D6-1467-4800-B111-57A3D69E05C4}.Debug|x64.Build.0 = Debug|Any CPU
		{81CD80D6-1467-4800-B111-57A3D69E05C4}.Debug|x86.ActiveCfg = Debug|Any CPU
		{81CD80D6-1467-4800-B111-57A3D69E05C4}.Debug|x86.Build.0 = Debug|Any CPU
		{81CD80D6-1467-4800-B111-57A3D69E05C4}.Release|Any CPU.ActiveCfg = Release|Any CPU
		{81CD80D6-1467-4800-B111-57A3D69E05C4}.Release|Any CPU.Build.0 = Release|Any CPU
		{81CD80D6-1467-4800-B111-57A3D69E05C4}.Release|x64.ActiveCfg = Release|Any CPU
		{81CD80D6-1467-4800-B111-57A3D69E05C4}.Release|x64.Build.0 = Release|Any CPU
		{81CD80D6-1467-4800-B111-57A3D69E05C4}.Release|x86.ActiveCfg = Release|Any CPU
		{81CD80D6-1467-4800-B111-57A3D69E05C4}.Release|x86.Build.0 = Release|Any CPU
	EndGlobalSection
	GlobalSection(SolutionProperties) = preSolution
		HideSolutionNode = FALSE
	EndGlobalSection
	GlobalSection(NestedProjects) = preSolution
		{783F8811-0C29-42D1-BBBE-67B054D1B4BA} = {A81A258C-BE4C-4996-8BDE-5296883BF005}
		{C56CCF37-E5C5-4627-8ADB-11C49967B6D6} = {A81A258C-BE4C-4996-8BDE-5296883BF005}
		{81CD80D6-1467-4800-B111-57A3D69E05C4} = {843B1043-9A90-4354-89DE-B1BA86935E0E}
	EndGlobalSection
	GlobalSection(ExtensibilityGlobals) = postSolution
		SolutionGuid = {39F9E852-8ED8-4A8C-B7D6-900BC98C5DE0}
	EndGlobalSection
EndGlobal
