
Microsoft Visual Studio Solution File, Format Version 12.00
# Visual Studio Version 16
VisualStudioVersion = 16.0.30503.244
MinimumVisualStudioVersion = 15.0.26124.0
Project("{2150E333-8FDC-42A3-9474-1A3956D46DE8}") = "src", "src", "{DD36D3B3-BD54-4D27-B15A-90742027291A}"
EndProject
Project("{2150E333-8FDC-42A3-9474-1A3956D46DE8}") = "tests", "tests", "{E6867448-520F-4B40-98C3-6C171C247E41}"
EndProject
Project("{9A19103F-16F7-4668-BE54-9A1E7A4F7556}") = "CalculaJuros.Core", "CalculaJuros.Core\CalculaJuros.Core.csproj", "{ECAC9795-3340-483F-A21E-A950A0EEC627}"
EndProject
Project("{9A19103F-16F7-4668-BE54-9A1E7A4F7556}") = "CalculaJuros.Core.UnitTests", "CalculaJuros.Core.UnitTests\CalculaJuros.Core.UnitTests.csproj", "{5AB54B71-91A8-465D-A807-2E5C06E0DB3B}"
EndProject
Project("{9A19103F-16F7-4668-BE54-9A1E7A4F7556}") = "CalculaJuros.API", "CalculaJuros.API\CalculaJuros.API.csproj", "{1EA24B39-6E39-45CA-8036-8FE05464F0D0}"
EndProject
Project("{E53339B2-1760-4266-BCC7-CA923CBCF16C}") = "docker-compose", "docker-compose.dcproj", "{D32847AF-07F4-45EC-A0EB-667B8BD3923B}"
EndProject
Project("{FAE04EC0-301F-11D3-BF4B-00C04F79EFBC}") = "CalculaJuros.API.UnitTests", "CalculaJuros.API.UnitTests\CalculaJuros.API.UnitTests.csproj", "{2EDB4CA3-DE3B-4425-AE69-60F55BACC906}"
EndProject
Global
	GlobalSection(SolutionConfigurationPlatforms) = preSolution
		Debug|Any CPU = Debug|Any CPU
		Debug|x64 = Debug|x64
		Debug|x86 = Debug|x86
		Release|Any CPU = Release|Any CPU
		Release|x64 = Release|x64
		Release|x86 = Release|x86
	EndGlobalSection
	GlobalSection(ProjectConfigurationPlatforms) = postSolution
		{ECAC9795-3340-483F-A21E-A950A0EEC627}.Debug|Any CPU.ActiveCfg = Debug|Any CPU
		{ECAC9795-3340-483F-A21E-A950A0EEC627}.Debug|Any CPU.Build.0 = Debug|Any CPU
		{ECAC9795-3340-483F-A21E-A950A0EEC627}.Debug|x64.ActiveCfg = Debug|Any CPU
		{ECAC9795-3340-483F-A21E-A950A0EEC627}.Debug|x64.Build.0 = Debug|Any CPU
		{ECAC9795-3340-483F-A21E-A950A0EEC627}.Debug|x86.ActiveCfg = Debug|Any CPU
		{ECAC9795-3340-483F-A21E-A950A0EEC627}.Debug|x86.Build.0 = Debug|Any CPU
		{ECAC9795-3340-483F-A21E-A950A0EEC627}.Release|Any CPU.ActiveCfg = Release|Any CPU
		{ECAC9795-3340-483F-A21E-A950A0EEC627}.Release|Any CPU.Build.0 = Release|Any CPU
		{ECAC9795-3340-483F-A21E-A950A0EEC627}.Release|x64.ActiveCfg = Release|Any CPU
		{ECAC9795-3340-483F-A21E-A950A0EEC627}.Release|x64.Build.0 = Release|Any CPU
		{ECAC9795-3340-483F-A21E-A950A0EEC627}.Release|x86.ActiveCfg = Release|Any CPU
		{ECAC9795-3340-483F-A21E-A950A0EEC627}.Release|x86.Build.0 = Release|Any CPU
		{5AB54B71-91A8-465D-A807-2E5C06E0DB3B}.Debug|Any CPU.ActiveCfg = Debug|Any CPU
		{5AB54B71-91A8-465D-A807-2E5C06E0DB3B}.Debug|Any CPU.Build.0 = Debug|Any CPU
		{5AB54B71-91A8-465D-A807-2E5C06E0DB3B}.Debug|x64.ActiveCfg = Debug|Any CPU
		{5AB54B71-91A8-465D-A807-2E5C06E0DB3B}.Debug|x64.Build.0 = Debug|Any CPU
		{5AB54B71-91A8-465D-A807-2E5C06E0DB3B}.Debug|x86.ActiveCfg = Debug|Any CPU
		{5AB54B71-91A8-465D-A807-2E5C06E0DB3B}.Debug|x86.Build.0 = Debug|Any CPU
		{5AB54B71-91A8-465D-A807-2E5C06E0DB3B}.Release|Any CPU.ActiveCfg = Release|Any CPU
		{5AB54B71-91A8-465D-A807-2E5C06E0DB3B}.Release|Any CPU.Build.0 = Release|Any CPU
		{5AB54B71-91A8-465D-A807-2E5C06E0DB3B}.Release|x64.ActiveCfg = Release|Any CPU
		{5AB54B71-91A8-465D-A807-2E5C06E0DB3B}.Release|x64.Build.0 = Release|Any CPU
		{5AB54B71-91A8-465D-A807-2E5C06E0DB3B}.Release|x86.ActiveCfg = Release|Any CPU
		{5AB54B71-91A8-465D-A807-2E5C06E0DB3B}.Release|x86.Build.0 = Release|Any CPU
		{1EA24B39-6E39-45CA-8036-8FE05464F0D0}.Debug|Any CPU.ActiveCfg = Debug|Any CPU
		{1EA24B39-6E39-45CA-8036-8FE05464F0D0}.Debug|Any CPU.Build.0 = Debug|Any CPU
		{1EA24B39-6E39-45CA-8036-8FE05464F0D0}.Debug|x64.ActiveCfg = Debug|Any CPU
		{1EA24B39-6E39-45CA-8036-8FE05464F0D0}.Debug|x64.Build.0 = Debug|Any CPU
		{1EA24B39-6E39-45CA-8036-8FE05464F0D0}.Debug|x86.ActiveCfg = Debug|Any CPU
		{1EA24B39-6E39-45CA-8036-8FE05464F0D0}.Debug|x86.Build.0 = Debug|Any CPU
		{1EA24B39-6E39-45CA-8036-8FE05464F0D0}.Release|Any CPU.ActiveCfg = Release|Any CPU
		{1EA24B39-6E39-45CA-8036-8FE05464F0D0}.Release|Any CPU.Build.0 = Release|Any CPU
		{1EA24B39-6E39-45CA-8036-8FE05464F0D0}.Release|x64.ActiveCfg = Release|Any CPU
		{1EA24B39-6E39-45CA-8036-8FE05464F0D0}.Release|x64.Build.0 = Release|Any CPU
		{1EA24B39-6E39-45CA-8036-8FE05464F0D0}.Release|x86.ActiveCfg = Release|Any CPU
		{1EA24B39-6E39-45CA-8036-8FE05464F0D0}.Release|x86.Build.0 = Release|Any CPU
		{D32847AF-07F4-45EC-A0EB-667B8BD3923B}.Debug|Any CPU.ActiveCfg = Debug|Any CPU
		{D32847AF-07F4-45EC-A0EB-667B8BD3923B}.Debug|Any CPU.Build.0 = Debug|Any CPU
		{D32847AF-07F4-45EC-A0EB-667B8BD3923B}.Debug|x64.ActiveCfg = Debug|Any CPU
		{D32847AF-07F4-45EC-A0EB-667B8BD3923B}.Debug|x64.Build.0 = Debug|Any CPU
		{D32847AF-07F4-45EC-A0EB-667B8BD3923B}.Debug|x86.ActiveCfg = Debug|Any CPU
		{D32847AF-07F4-45EC-A0EB-667B8BD3923B}.Debug|x86.Build.0 = Debug|Any CPU
		{D32847AF-07F4-45EC-A0EB-667B8BD3923B}.Release|Any CPU.ActiveCfg = Release|Any CPU
		{D32847AF-07F4-45EC-A0EB-667B8BD3923B}.Release|Any CPU.Build.0 = Release|Any CPU
		{D32847AF-07F4-45EC-A0EB-667B8BD3923B}.Release|x64.ActiveCfg = Release|Any CPU
		{D32847AF-07F4-45EC-A0EB-667B8BD3923B}.Release|x64.Build.0 = Release|Any CPU
		{D32847AF-07F4-45EC-A0EB-667B8BD3923B}.Release|x86.ActiveCfg = Release|Any CPU
		{D32847AF-07F4-45EC-A0EB-667B8BD3923B}.Release|x86.Build.0 = Release|Any CPU
		{2EDB4CA3-DE3B-4425-AE69-60F55BACC906}.Debug|Any CPU.ActiveCfg = Debug|Any CPU
		{2EDB4CA3-DE3B-4425-AE69-60F55BACC906}.Debug|Any CPU.Build.0 = Debug|Any CPU
		{2EDB4CA3-DE3B-4425-AE69-60F55BACC906}.Debug|x64.ActiveCfg = Debug|Any CPU
		{2EDB4CA3-DE3B-4425-AE69-60F55BACC906}.Debug|x64.Build.0 = Debug|Any CPU
		{2EDB4CA3-DE3B-4425-AE69-60F55BACC906}.Debug|x86.ActiveCfg = Debug|Any CPU
		{2EDB4CA3-DE3B-4425-AE69-60F55BACC906}.Debug|x86.Build.0 = Debug|Any CPU
		{2EDB4CA3-DE3B-4425-AE69-60F55BACC906}.Release|Any CPU.ActiveCfg = Release|Any CPU
		{2EDB4CA3-DE3B-4425-AE69-60F55BACC906}.Release|Any CPU.Build.0 = Release|Any CPU
		{2EDB4CA3-DE3B-4425-AE69-60F55BACC906}.Release|x64.ActiveCfg = Release|Any CPU
		{2EDB4CA3-DE3B-4425-AE69-60F55BACC906}.Release|x64.Build.0 = Release|Any CPU
		{2EDB4CA3-DE3B-4425-AE69-60F55BACC906}.Release|x86.ActiveCfg = Release|Any CPU
		{2EDB4CA3-DE3B-4425-AE69-60F55BACC906}.Release|x86.Build.0 = Release|Any CPU
	EndGlobalSection
	GlobalSection(SolutionProperties) = preSolution
		HideSolutionNode = FALSE
	EndGlobalSection
	GlobalSection(NestedProjects) = preSolution
		{ECAC9795-3340-483F-A21E-A950A0EEC627} = {DD36D3B3-BD54-4D27-B15A-90742027291A}
		{5AB54B71-91A8-465D-A807-2E5C06E0DB3B} = {E6867448-520F-4B40-98C3-6C171C247E41}
		{1EA24B39-6E39-45CA-8036-8FE05464F0D0} = {DD36D3B3-BD54-4D27-B15A-90742027291A}
		{2EDB4CA3-DE3B-4425-AE69-60F55BACC906} = {E6867448-520F-4B40-98C3-6C171C247E41}
	EndGlobalSection
	GlobalSection(ExtensibilityGlobals) = postSolution
		SolutionGuid = {359B5DD4-C109-4A4E-932B-2EDE5DBC56AF}
	EndGlobalSection
EndGlobal
